
Microsoft Visual Studio Solution File, Format Version 12.00
# Visual Studio Version 16
VisualStudioVersion = 16.0.30204.135
MinimumVisualStudioVersion = 10.0.40219.1
Project("{9A19103F-16F7-4668-BE54-9A1E7A4F7556}") = "ReflectionDemo", "ReflectionDemo\ReflectionDemo.csproj", "{C8270166-57BD-4B5B-919F-9ACD43103120}"
EndProject
Project("{2150E333-8FDC-42A3-9474-1A3956D46DE8}") = "Solution Items", "Solution Items", "{7DC8F537-61FB-46B9-9FFA-87200652FBE6}"
	ProjectSection(SolutionItems) = preProject
		Csharp语言回顾.txt = Csharp语言回顾.txt
		Notes.txt = Notes.txt
	EndProjectSection
EndProject
Global
	GlobalSection(SolutionConfigurationPlatforms) = preSolution
		Debug|Any CPU = Debug|Any CPU
		Release|Any CPU = Release|Any CPU
	EndGlobalSection
	GlobalSection(ProjectConfigurationPlatforms) = postSolution
		{C8270166-57BD-4B5B-919F-9ACD43103120}.Debug|Any CPU.ActiveCfg = Debug|Any CPU
		{C8270166-57BD-4B5B-919F-9ACD43103120}.Debug|Any CPU.Build.0 = Debug|Any CPU
		{C8270166-57BD-4B5B-919F-9ACD43103120}.Release|Any CPU.ActiveCfg = Release|Any CPU
		{C8270166-57BD-4B5B-919F-9ACD43103120}.Release|Any CPU.Build.0 = Release|Any CPU
	EndGlobalSection
	GlobalSection(SolutionProperties) = preSolution
		HideSolutionNode = FALSE
	EndGlobalSection
	GlobalSection(ExtensibilityGlobals) = postSolution
		SolutionGuid = {7B9F5330-DF73-4476-907D-C392E22AF121}
	EndGlobalSection
EndGlobal
